
Microsoft Visual Studio Solution File, Format Version 12.00
# Visual Studio Version 17
VisualStudioVersion = 17.0.31903.59
MinimumVisualStudioVersion = 10.0.40219.1
Project("{FAE04EC0-301F-11D3-BF4B-00C04F79EFBC}") = "CargoApp.Presentation", "CargoApp.Presentation\CargoApp.Presentation.csproj", "{4AC940CF-F101-4CCB-843F-B5414275BB7E}"
EndProject
Project("{FAE04EC0-301F-11D3-BF4B-00C04F79EFBC}") = "CargoApp.Infrastructure", "CargoApp.Infrastructure\CargoApp.Infrastructure.csproj", "{6A134682-0EA5-4645-8FF0-AF2DA426ACA6}"
EndProject
Project("{FAE04EC0-301F-11D3-BF4B-00C04F79EFBC}") = "CargoApp.Domain", "CargoApp.Domain\CargoApp.Domain.csproj", "{F962A944-CA2E-4C0B-B2CD-99BCF0E530C9}"
EndProject
Project("{FAE04EC0-301F-11D3-BF4B-00C04F79EFBC}") = "CargoApp.Application", "CargoApp.Application\CargoApp.Application.csproj", "{F3B18081-3BE5-4612-86A6-D1D8736302BD}"
EndProject
Global
	GlobalSection(SolutionConfigurationPlatforms) = preSolution
		Debug|Any CPU = Debug|Any CPU
		Release|Any CPU = Release|Any CPU
	EndGlobalSection
	GlobalSection(SolutionProperties) = preSolution
		HideSolutionNode = FALSE
	EndGlobalSection
	GlobalSection(ProjectConfigurationPlatforms) = postSolution
		{4AC940CF-F101-4CCB-843F-B5414275BB7E}.Debug|Any CPU.ActiveCfg = Debug|Any CPU
		{4AC940CF-F101-4CCB-843F-B5414275BB7E}.Debug|Any CPU.Build.0 = Debug|Any CPU
		{4AC940CF-F101-4CCB-843F-B5414275BB7E}.Release|Any CPU.ActiveCfg = Release|Any CPU
		{4AC940CF-F101-4CCB-843F-B5414275BB7E}.Release|Any CPU.Build.0 = Release|Any CPU
		{6A134682-0EA5-4645-8FF0-AF2DA426ACA6}.Debug|Any CPU.ActiveCfg = Debug|Any CPU
		{6A134682-0EA5-4645-8FF0-AF2DA426ACA6}.Debug|Any CPU.Build.0 = Debug|Any CPU
		{6A134682-0EA5-4645-8FF0-AF2DA426ACA6}.Release|Any CPU.ActiveCfg = Release|Any CPU
		{6A134682-0EA5-4645-8FF0-AF2DA426ACA6}.Release|Any CPU.Build.0 = Release|Any CPU
		{F962A944-CA2E-4C0B-B2CD-99BCF0E530C9}.Debug|Any CPU.ActiveCfg = Debug|Any CPU
		{F962A944-CA2E-4C0B-B2CD-99BCF0E530C9}.Debug|Any CPU.Build.0 = Debug|Any CPU
		{F962A944-CA2E-4C0B-B2CD-99BCF0E530C9}.Release|Any CPU.ActiveCfg = Release|Any CPU
		{F962A944-CA2E-4C0B-B2CD-99BCF0E530C9}.Release|Any CPU.Build.0 = Release|Any CPU
		{F3B18081-3BE5-4612-86A6-D1D8736302BD}.Debug|Any CPU.ActiveCfg = Debug|Any CPU
		{F3B18081-3BE5-4612-86A6-D1D8736302BD}.Debug|Any CPU.Build.0 = Debug|Any CPU
		{F3B18081-3BE5-4612-86A6-D1D8736302BD}.Release|Any CPU.ActiveCfg = Release|Any CPU
		{F3B18081-3BE5-4612-86A6-D1D8736302BD}.Release|Any CPU.Build.0 = Release|Any CPU
	EndGlobalSection
EndGlobal
